# This file is autogenerated, do not edit; changes may be undone by the next 'dep ensure'.


[[projects]]
  name = "github.com/fsm/cache-store"
  packages = ["."]
  revision = "2703fbfc1d5f2fdc5a2b22752921690a6ea6ad33"

[[projects]]
  name = "github.com/fsm/cli"
  packages = ["."]
  revision = "e6e830c2cf88408a96608bacdb0e28b8dba20346"

[[projects]]
  name = "github.com/fsm/emitable"
  packages = ["."]
  revision = "045e0554f75ff514a028d24aa2effd4a9cf4666c"
  version = "v1.0.0"

[[projects]]
  name = "github.com/fsm/fsm"
  packages = ["."]
  revision = "0ea09d4673726b5b917140790e822867d8a3d03c"

[solve-meta]
  analyzer-name = "dep"
  analyzer-version = 1
  inputs-digest = "3d66aba3b6289487c441c07b758b2e558e92bd580d86549f003bed920039255d"
  solver-name = "gps-cdcl"
  solver-version = 1
