# This file is autogenerated, do not edit; changes may be undone by the next 'dep ensure'.


[[projects]]
  name = "github.com/fsm/cache-store"
  packages = ["."]
  revision = "f12a4e19bcfb42478bcd02bccc32f4541e2f4541"
  version = "v1.0.0"

[[projects]]
  name = "github.com/fsm/cli"
  packages = ["."]
  revision = "5effdaacb05a3f053a0a4c4cad4b437898a205b7"
  version = "v1.0.0"

[[projects]]
  name = "github.com/fsm/emitable"
  packages = ["."]
  revision = "045e0554f75ff514a028d24aa2effd4a9cf4666c"
  version = "v1.0.0"

[[projects]]
  name = "github.com/fsm/fsm"
  packages = ["."]
  revision = "145601dde23321c57edef7f33bad138df1b3b919"
  version = "v1.0.0"

[[projects]]
  name = "github.com/fsm/target-util"
  packages = ["."]
  revision = "3d06c2408cd2962e70aee488422443a8d19202fb"
  version = "v1.0.0"

[solve-meta]
  analyzer-name = "dep"
  analyzer-version = 1
  inputs-digest = "f0216fd1a2f10dc6e30bd993b847fad5c572c3c831f7b42e325f9ca91f3bd6bb"
  solver-name = "gps-cdcl"
  solver-version = 1
