# This file is autogenerated, do not edit; changes may be undone by the next 'dep ensure'.


[[projects]]
  name = "github.com/fsm/cache-store"
  packages = ["."]
  revision = "f6786c5dacd0591259935f7cc9153dacd2cfbe69"
  version = "v2.0.0"

[[projects]]
  name = "github.com/fsm/cli"
  packages = ["."]
  revision = "749a418cc4d23224588e3c11b4c09443761e8354"
  version = "v2.0.1"

[[projects]]
  name = "github.com/fsm/emitable"
  packages = ["."]
  revision = "045e0554f75ff514a028d24aa2effd4a9cf4666c"
  version = "v1.0.0"

[[projects]]
  name = "github.com/fsm/fsm"
  packages = ["."]
  revision = "1858d7a91bd5033125d48309a36442f256fe7311"
  version = "v2.0.0"

[solve-meta]
  analyzer-name = "dep"
  analyzer-version = 1
  inputs-digest = "81f4b6013f32c029d1b9daa8bb4d6f16ec3f886cdc29ab8e9f73b417bfa101a2"
  solver-name = "gps-cdcl"
  solver-version = 1
